
Microsoft Visual Studio Solution File, Format Version 12.00
# Visual Studio Version 17
VisualStudioVersion = 17.11.35312.102
MinimumVisualStudioVersion = 10.0.40219.1
Project("{FAE04EC0-301F-11D3-BF4B-00C04F79EFBC}") = "LocalAIModel", "LocalAIModel.csproj", "{F072D13C-9534-4D30-B31D-D7E41E1A0325}"
EndProject
Global
	GlobalSection(SolutionConfigurationPlatforms) = preSolution
		Debug|Any CPU = Debug|Any CPU
		Release|Any CPU = Release|Any CPU
	EndGlobalSection
	GlobalSection(ProjectConfigurationPlatforms) = postSolution
		{F072D13C-9534-4D30-B31D-D7E41E1A0325}.Debug|Any CPU.ActiveCfg = Debug|Any CPU
		{F072D13C-9534-4D30-B31D-D7E41E1A0325}.Debug|Any CPU.Build.0 = Debug|Any CPU
		{F072D13C-9534-4D30-B31D-D7E41E1A0325}.Release|Any CPU.ActiveCfg = Release|Any CPU
		{F072D13C-9534-4D30-B31D-D7E41E1A0325}.Release|Any CPU.Build.0 = Release|Any CPU
	EndGlobalSection
	GlobalSection(SolutionProperties) = preSolution
		HideSolutionNode = FALSE
	EndGlobalSection
	GlobalSection(ExtensibilityGlobals) = postSolution
		SolutionGuid = {FED52866-7819-48D0-B75D-A2A76E2611EF}
	EndGlobalSection
EndGlobal
